# This file is autogenerated, do not edit; changes may be undone by the next 'dep ensure'.


[[projects]]
  digest = "1:a2cff208d4759f6ba1b1cd228587b0a1869f95f22542ec9cd17fff64430113c7"
  name = "github.com/jessevdk/go-flags"
  packages = ["."]
  pruneopts = "UT"
  revision = "c6ca198ec95c841fdb89fc0de7496fed11ab854e"
  version = "v1.4.0"

[[projects]]
  branch = "master"
  digest = "1:f917730dc54898009496be48e65745a7dc1cadf60d76e96ac075420fbd1a0d57"
  name = "github.com/steven-xie/glip"
  packages = [
    ".",
    "portal",
  ]
  pruneopts = "UT"
  revision = "432c4b645d3315658b8da27a89f257dc444dd997"

[solve-meta]
  analyzer-name = "dep"
  analyzer-version = 1
  input-imports = [
    "github.com/jessevdk/go-flags",
    "github.com/steven-xie/glip",
  ]
  solver-name = "gps-cdcl"
  solver-version = 1
